(setq el-get-lock-package-versions
      '((clang-format :checksum "c1ebd27e08b6fed5cda8d4dd03476127690c2f84")
        (haskell-mode :checksum "61b99b25c903f4dbdf8ea1db6df4fa67dfb0cc76")
        (lsp-ui :checksum "449f3a6b80a60d88c4ed300e69d64eb8e875f1c7")
        (alert-toast :checksum "9b34b05650967f24a8b980e886612df52246779f")
        (alert :checksum "7046393272686c7a1a9b3e7f7b1d825d2e5250a6")
        (circe :checksum "77e16de3b9fbaa0417b56a9acc70a9bca17c4ad0")
        (terraform-mode :checksum "e560caaa9d9a11b0868adf6d9dcae5ebb5055730")
        (hcl-mode :checksum "ec27736c4c16fbf7f1ecab0210ec3c71ac2406fa")
        (go-eldoc :checksum "cbbd2ea1e94a36004432a9ac61414cb5a95a39bd")
        (go-mode :checksum "34974346d1f74fa835d745514c9fe9afccce8dae")
        (typescript-mode :checksum "b369d7d2518fa11760ac3908a383405350cd51d2")
        (omnisharp-mode :checksum "e276ff140666057c6d6848f9cfc84a82e3a7650c")
        (auto-complete :checksum "aafd3f566a8002a1e9b3e197721a2660c0a835ff")
        (fuzzy :checksum "edce468a3077d03ca63e1559f7ffebfa09c8effd")
        (csharp-mode :checksum "26f1f8cb620e5355880d807b12cc9a0eab8430d4")
        (cmake-ide :checksum "28dc4ab5bd01d99553901b4efeb7234280928b18")
        (levenshtein :checksum "070925197ebf6b704e6e00c4f2d2ec783f3df38c")
        (flycheck-irony :checksum "42dbecd4a865cabeb301193bb4d660e26ae3befe")
        (company-irony :checksum "b44711dfce445610c1ffaec4951c6ff3882b216a")
        (irony-eldoc :checksum "73e79a89fad982a2ba072f2fcc1b4e41f0aa2978")
        (irony-mode :checksum "ec6dce7ee16ffaa9a735204534aa4aa074d14487")
        (pdf-tools :checksum "c510442ab89c8a9e9881230eeb364f4663f59e76")
        (tablist :checksum "faab7a035ef2258cc4ea2182f67e3aedab7e2af9")
        (nginx-mode :checksum "a2bab83c2eb233d57d76b236e7c141c2ccc97005")
        (github-markdown-css :checksum "888d5a03223a2c14a8d3eb40e90a22f62469a46b")
        (lua-mode :checksum "7ee3febab01aeacfd33357124e7f605e1e110d99")
        (ample-regexps :checksum "153969ce547afe410b8986f01c9ed4087c9cd20b")
        (spaceline :checksum "50cc5b26d823bbfd347becd7da03cd29c2a2a0dc")
        (powerline :checksum "cfba2aa9cfa190e7720900f01a946e1e78aac7e2")
        (dockerfile-mode :checksum "ad06a41259ff2961d603bf23a3a8fbd22dde2161")
        (ddskk :checksum "ce0517127586e26f95f94f45d22a832f40a28321")
        (helm-perspeen :checksum "7fe2922d85608bfa9e18269fc44181428b8849ff")
        (perspeen :checksum "edb70c530bda50ff3d1756e32a703d5fef5e5480")
        (shackle :checksum "32a397770be30a518f5123b81a6d667d02308bfb")
        (golden-ratio :checksum "007911d8a431b72670f5fe5f0e5b4380c2777a31")
        (toml-mode :checksum "f6c61817b00f9c4a3cab1bae9c309e0fc45cdd06")
        (xterm-color :checksum "1a4012854c69a5cdaeb5a73d2ad705011892fca3")
        (google-translate :checksum "0f7f48a09bca064999ecea03102a7c96f52cbd1b")
        (osx-dictionary :checksum "1a4479d9f44ef1e6e5f7643c172c32f6fe6cce21")
        (major-mode-log :checksum "36ff32dc3fd42b6d8c4561d5916aeec8dd353a63")
        (command-log-mode :checksum "af600e6b4129c8115f464af576505ea8e789db27")
        (sql-transform :checksum "641f276b4b63edb0a1563afcf8fb5103627ce3a7")
        (sql-complete :checksum "2eb533dd045d415d3b4c6822dbd02c2bf3695e95")
        (sql-indent :checksum "7d5641dd68135e7070f5026c44e518266c663434")
        (sql :checksum "0d8873ec0732cd0c942f9626fa516daa70057643")
        (twittering-mode :checksum "114891e8fdb4f06b1326a6cf795e49c205cf9e29")
        (nov :checksum "fa3887970ebde430aaf8a39dbf801566238c0973")
        (esxml :checksum "701ccc285f3748d94c12f85636fecaa88858c178")
        (kv :checksum "721148475bce38a70e0b678ba8aa923652e8900e")
        (open-junk-file :checksum "f87b93ec26e92dc747da43499d0cbf5ab70fd8c2")
        (org-bullets :checksum "b70ac2ec805bcb626a6e39ea696354577c681b36")
        (evil-org-mode :checksum "59173083a1923ca940f86e0ff8d57af7fb9f0fef")
        (adoc-mode :checksum "745884359a1b8826ede2c4cfd2f0b5478953ac40")
        (markup-faces :checksum "98a807ed82473eb41c6a201ed7ef816d6bcd67b0")
        (elpy :checksum "4248dccef31e260813d93cafd083bfcd71efc92a")
        (find-file-in-project :checksum "136018df39520433840d67acbbf92908ab115532")
        (highlight-indentation :checksum "d88db4248882da2d4316e76ed673b4ac1fa99ce3")
        (pyvenv :checksum "045ff9476dac26086a04538d9b7ba186aa8f0fd1")
        (virtualenvwrapper :checksum "c7e84505db4142fd1beebf38ffe37c3f42444ca3")
        (ensime :checksum "34eb11dac3ec9d1c554c2e55bf056ece6983add7")
        (sbt-mode :checksum "e29464a82bf706ef921f4e0052ce04fc74c34c84")
        (scala-mode :checksum "598cb680f321d9609295aa9b4679040cc703b602")
        (coffee-mode :checksum "35a41c7d8233eac0b267d9593e67fb8b6235e134")
        (rjsx-mode :checksum "b697fe4d92cc84fa99a7bcb476f815935ea0d919")
        (js2-mode :checksum "6f313c9566d9c8453a91c5ccaa25760978cb9f6d")
        (intero :checksum "fdb0550a2ddb5692d470336aa4a057717d572695")
        (solarized-emacs :checksum "e281635dbaecb1715805a604f3404e7143a19356")
        (helm-eww :checksum "76ba59fda8dd6f32a1bc7c6df0b43c6f76169911")
        (json-mode :checksum "0e819e519ae17a2686e0881c4ca51fa873fa9b83")
        (json-snatcher :checksum "b28d1c0670636da6db508d03872d96ffddbc10f2")
        (json-reformat :checksum "8eb6668ed447988aea06467ba8f42e1f2178246f")
        (scss-mode :checksum "cf58dbec5394280503eb5502938f3b5445d1b53d")
        (web-mode :checksum "8ef47935d638902ba35a557cae5edd6ab6ab1346")
        (slim-mode :checksum "3636d18ab1c8b316eea71c4732eb44743e2ded87")
        (haml-mode :checksum "bf5b6c11b1206759d2b28af48765e04882dd1fc4")
        (yaml-mode :checksum "3a57058468211f3cb18e71aecc630dcacb87636b")
        (rspec-mode :checksum "92ef785010f6a68cbf73861e75ac6cf4e1832291")
        (ruby-end :checksum "79b4ea788b9cae9282da809507d0a56aa9c057c8")
        (ruby-block :checksum "289c34dca6daa1a1591537e1c56b687c14631930")
        (ruby-test-mode :checksum "d66db4aca6e6a246f65f7195ecfbc7581d35fb7a")
        (enh-ruby-mode :checksum "e960bf941d9fa9d92eabf7c03a8bbb51ba1ac453")
        (rbenv :checksum "2ea1a5bdc1266caef1dd77700f2c8f42429b03f1")
        (bundler :checksum "43efb6be4ed118b06d787ce7fbcffd68a31732a7")
        (git-link :checksum "0d2fd02c160cf2a09ca4b5b4ffa544833df5afed")
        (git-messenger :checksum "a69b6f359bd34b77335619103c82cef07ecdbc7c")
        (popup :checksum "cf899f8012f4189e76a009bebb589ff71631b1e9")
        (git-gutter-fringe+ :checksum "7a2f49d2455a3a872e90e5f7dd4e6b27f1d96cfc")
        (git-gutter+ :checksum "b7726997806d9a2da9fe84ff00ecf21d62b6f975")
        (gist :checksum "314fe6ab80fae35b95f0734eceb82f72813b6f41")
        (gh :checksum "4b2dd0667ebe9c684c1de5bc96961c2ab0885c07")
        (marshal :checksum "490496d974d03906f784707ecc2e0ac36ed84b96")
        (request :checksum "f3a5b4352e9f444ace2a332939abff504b573887")
        (deferred :checksum "2239671d94b38d92e9b28d4e12fd79814cfb9c16")
        (logito :checksum "d5934ce10ba3a70d3fcfb94d742ce3b9136ce124")
        (pcache :checksum "893d2a637423bae2cc5e72c559e3a9d1518797c9")
        (tabulated-list :checksum "b547d9b728935102d1c418bc0e978c221c37f6ab")
        (evil-magit :checksum "98c076fbeb6d2d7d71e02dc204ba3ad5d577abda")
        (magit :checksum "7b46191dedba053f1c44d5f13d4283860e26cbd6")
        (with-editor :checksum "5519b6a67ecd66865b4fdd5447425eee900c54f4")
        (transient :checksum "efdf91980a6f8bcb151debb877302ead8751ab65")
        (fringe-helper :checksum "ef4a9c023bae18ec1ddd7265f1f2d6d2e775efdd")
        (all-the-icons :checksum "e01eeb40858f971e45c014726a14c75556d8cc8f")
        (memoize :checksum "51b075935ca7070f62fae1d69fe0ff7d8fa56fdd")
        (lsp-mode :checksum "4db1151dbf1fe84769433d841e90803448b0b354")
        (hydra :checksum "2d553787aca1aceb3e6927e426200e9bb9f056f1")
        (spinner :checksum "bca794fa6f6b007292cdac9b0a850a3711986db5")
        (markdown-mode :checksum "f28e263b915d48ee9757990da1cdd160b355cb8c")
        (pos-tip :checksum "179cc126b363f72ca12fab1e0dc462ce0ee79742")
        (company-restclient :checksum "e5a3ec54edb44776738c13e13e34c85b3085277b")
        (know-your-http-well :checksum "3cc5ab6d2764ab7aacb1b6e026abaccbeb6c37f2")
        (company-quickhelp :checksum "530b29380f0f95ae338cbe089693d786e6f53d86")
        (company-statistics :checksum "e62157d43b2c874d2edbd547c3bdfb05d0a7ae5c")
        (company-emoji :checksum "90594eb58b20fb937cfd4e946efcc446ee630e6f")
        (company-mode :checksum "a3e487966f7e116a328aa5764ab907c1f7729d21")
        (yasnippet-snippets :checksum "37e3b1ee7d110bb05ab36524642bbf5cb4058c0d")
        (yasnippet :checksum "5cbdbf0d2015540c59ed8ee0fcf4788effdf75b6")
        (direnv :checksum "4b94393a9adf677c7c037215e233eef5fbca553d")
        (quickrun :checksum "35e91f4b6cfbb8dd2adea4d8cf53ae76db7d00d9")
        (volatile-highlights :checksum "9a20091f0ce7fc0a6b3e641a6a46d5f3ac4d8392")
        (rainbow-delimiters :checksum "d576e6694ad3a3e88b2bb1363305b38fa364c149")
        (flycheck-package :checksum "ecd03f83790611888d693c684d719e033f69cb40")
        (package-lint :checksum "10b6f3aab4f7c014ce339694255cf2c6dfd2bdea")
        (evil-flycheck :checksum "1e506bfa8921f4f902736b2c63acf177af20078b")
        (flycheck-inline :checksum "8e00b4c5951a9515a450a14aefe92e9f6ddcfbde")
        (flycheck :checksum "21d52264aa80bfa4ede94c59e37a20fb6d033b0c")
        (helm-projectile :checksum "58123f14c392021714fc5d23b9f95c7f95ce07f1")
        (projectile-rails :checksum "6a18ada3566ab2cb795129e3dfca2a32cc413fb8")
        (rake :checksum "9c204334b03b4e899fadae6e59c20cf105404128")
        (f :checksum "50af874cd19042f17c8686813d52569b1025c76a")
        (jump :checksum "55caa66a7cc6e0b1a76143fd40eff38416928941")
        (inf-ruby :checksum "03dd9c9d4e3f94f5519a786804d3ef9d3a09ef9f")
        (projectile :checksum "da08a9103b5ba3b38ef031a9627a19436eb318b5")
        (pkg-info :checksum "76ba7415480687d05a4353b27fea2ae02b8d9d61")
        (epl :checksum "78ab7a85c08222cd15582a298a364774e3282ce6")
        (helm-dash :checksum "7f853bd34da666f0e9a883011c80f451b06f6c59")
        (evil :checksum "5c28294d830a5a79e9b9da2c32e7675d52d76720")
        (undo-tree :checksum "2bf5e230f1d11df7bbd9d8c722749e34482bc458")
        (helm-ag :checksum "7cfed5d3e861717466ae6d3f76c759548a9fad04")
        (helm-ls-git :checksum "d861fb407d72470db41ac458447b92c6d9b00206")
        (helm :checksum "1b6ffb10b8cabf177664a34827961520fba88ebe")
        (emacs-async :checksum "9a8cd0c3d5c120bfa03187c54dba6e33f6e3ca19")
        (string-inflection :checksum "73b9a35e80e09ba744f2c364db4291f2d6f0a17a")
        (imenu-anywhere :checksum "06ec33d79e33edf01b9118aead1eabeae8ee08b1")
        (sr-speedbar :checksum "77a83fb50f763a465c021eca7343243f465b4a47")
        (es-mode :checksum "cde5cafcbbbd57db6d38ae7452de626305bba68d")
        (spark :checksum "0bf148c3ede3b31d56fd75f347cdd0b0eae60025")
        (atomic-chrome :checksum "c73367d8aa660f2b3c3f70ef5c39f5b502d60404")
        (websocket :checksum "fda4455333309545c0787a79d73c19ddbeb57980")
        (dired-k :checksum "0ddf0adb3a642c2f0694d8c1c12f263f2bf27375")
        (ag :checksum "ed7e32064f92f1315cecbfc43f120bbc7508672c")
        (dash :checksum "2675596b9ac1c4b9d47b93e227f06f8ec6755ec6")
        (s :checksum "08661efb075d1c6b4fa812184c1e5e90c08795a9")
        (emojify :checksum "1b726412f19896abf5e4857d4c32220e33400b55")
        (ht :checksum "c4c1be487d6ecb353d07881526db05d7fc90ea87")
        (esup :checksum "5169dd7fc8765a7377b0ab93aa63b7f0f934689a")
        (restclient :checksum "2cc1fd3496f57288de3f97c27a5f018284db2d23")
        (highlight-indent-guides :checksum "cf352c85cd15dd18aa096ba9d9ab9b7ab493e8f6")
        (which-key :checksum "cc84b2d0da629ecb62a92e3fd23cbee4ea20ce56")
        (ace-window :checksum "c7cb315c14e36fded5ac4096e158497ae974bec9")
        (evil-collection :checksum "8d10ad4ea59752595de37a8ddc44e8d3fb14fe89")
        (annalist :checksum "134fa3f0fb91a636a1c005c483516d4b64905a6d")
        (ace-link :checksum "e1b1c91b280d85fce2194fea861a9ae29e8b03dd")
        (noflet :checksum "7ae84dc3257637af7334101456dafe1759c6b68a")
        (avy-migemo :checksum "922a6dd82c0bfa316b0fbb56a9d4dd4ffa5707e7")
        (avy :checksum "e92cb37457b43336b765630dbfbea8ba4be601fa")
        (evil-exchange :checksum "ac50f21b29b6e3a111e10a9e88ae61c907ac5ee8")
        (evil-indent-textobject :checksum "70a1154a531b7cfdbb9a31d6922482791e20a3a7")
        (expand-region :checksum "95a773bd8f557cbd43d3b2dab2fa4417ec5927ab")
        (evil-visualstar :checksum "06c053d8f7381f91c53311b1234872ca96ced752")
        (evil-surround :checksum "3bd73794ee5a760118042584ef74e2b6fb2a1e06")
        (highlight :checksum "28557cb8d99b96eb509aaec1334c7cdda162517f")
        (evil-numbers :checksum "6ea1c8c3a9b37bed63d48f1128e9a4910e68187e")
        (evil-nerd-commenter :checksum "6bc41317ba4b8710d713a62e1b78047c3cc2d2d5")
        (evil-matchit :checksum "80dc731ab736545541546ca64187e850bf0e39c8")
        (evil-lisp-state :checksum "3c65fecd9917a41eaf6460f22187e2323821f3ce")
        (evil-args :checksum "758ad5ae54ad34202064fec192c88151c08cb387")
        (evil-anzu :checksum "d3f6ed4773b48767bd5f4708c7f083336a8a8a86")
        (anzu :checksum "bdb3da5028935a4aea55c40769bc191a81afb54e")
        (evil-leader :checksum "39f7014bcf8b36463e0c7512c638bda4bac6c2cf")
        (goto-chg :checksum "3ce1389fea12edde4e343bc7d54c8da97a1a6136")
        (exec-path-from-shell :checksum "bf4bdc8b8911e7a2c04e624b9a343164c3878282")
        (migemo :checksum "f756cba3d5268968da361463c2e29b3a659a3de7")
        (init-loader :checksum "ecab5a66b40227c4173992adfa5cfeae09f1657e")
        (initchart :checksum "2df1fbc965c5ef82906a0fa76b3517c5831d3581")
        (diminish :checksum "73669b69e5f9a0c9261c5b53624329d0e24d1ed8")
        (use-package :checksum "a7422fb8ab1baee19adb2717b5b47b9c3812a84c")))
(setq el-get-lock-locked-packages 'nil)
(setq el-get-lock-unlocked-packages
      '(helm-slack slack cmake-mode))
