(setq el-get-lock-package-versions
      '((circe :checksum "40e7db28672fbe3aff68bd765f063ab18da2ba95")
        (pos-tip :checksum "051e08fec5cf30b7574bdf439f79fef7d42d689d")
        (ddskk :checksum "2120520aa0caf31b0b5bc8626fc3cb75dc342509")
        (adoc-mode :checksum "b6d54d9007b97f2553c238e0c36586079b666f4f")
        (markup-faces :checksum "98a807ed82473eb41c6a201ed7ef816d6bcd67b0")
        (twittering-mode :checksum "97197cdd3cc005000dc2599f67c754d74fab5972")
        (ess :checksum "626ca5a2f92a37d849d407875b20a47e747dcea3")
        (use-package :checksum "77a77c8b03044f0279e00cadd6a6d1a7ae97b016")
        (diminish :checksum "73669b69e5f9a0c9261c5b53624329d0e24d1ed8")
        (init-loader :checksum "1f28a0b801cbb08aa9b47fd15ceab243a2bc064c")
        (el-get :checksum "30cfde00d48be88bf6831067cfaf364039df5722")
        (magit :checksum "758b0ce74f70c89a1fc482e8d526ce45451c37ac")
        (haskell-mode :checksum "be83c8a383f464b80b68fe90fc2c3523c352b5b6")
        (pdf-tools :checksum "0107f80dcf268d08ac075b01729820062c0fbd67")
        (websocket :checksum "e5cd7c955734f6864fd9f2fa001f076b1a024044")
        (quickrun :checksum "31c61de338c7b689bbb78e0aa691bd68f7c20941")
        (elpy :checksum "15b1a2cff241051acb20519ea9195b152b8d8230")
        (pyvenv :checksum "a0331f52ba2c9fe994ee423e4d82263b6f68a38a")
        (idomenu :checksum "462e95067bcac598331d8577977cb74f1f48ecf2")
        (find-file-in-project :checksum "10381caac29b29f4a8a2fac87599cb2c43f8f310")
        (highlight-indentation :checksum "cd6d8168ccb04c6c0394f42e9512c58f23c01689")
        (jedi :checksum "5e39b5102f0ac4009fca5ca5fa89a77fdc09621d")
        (epc :checksum "dbae585622fa7b556945cc7475f354976d26b065")
        (ctable :checksum "cd673a09a80ce4e9e102ffe2e3d7e6bfb9d652b0")
        (python-environment :checksum "401006584e32864a10c69d29f14414828909362e")
        (flycheck-clojure :checksum "308044d58c4e16567ae818cc1d1e90f29947ada3")
        (ac-cider :checksum "eeb4b3ae1e91d03d765f6c39994792e4f05f6600")
        (cider :checksum "245096f060c0d0cfd5694396ec7c629d0ead6a65")
        (spinner :checksum "8d8c459d7757cf5774f11be9147d7a54f5f9bbd7")
        (seq :checksum "87881cebde77f9ccbe9b53ba08a7e38ae8c290f1")
        (clojure-mode :checksum "afca061844753feca7f8639a898702875903c9f7")
        (ensime :checksum "3553b5e5da85a72fb7890281cbb40dae0aaf71c7")
        (yasnippet :checksum "1cf723a408800b489a5f74bd14219a74b665a7f3")
        (sbt-mode :checksum "0ead2dc784a7b1dee107eda6a51d112dad46ff4d")
        (scala-mode2 :checksum "360b5ba27aeca69e72109515b6c40b2f7972cc8f")
        (volatile-highlights :checksum "fb2abc2d4d4051a9a6b7c8de2fe7564161f01f24")
        (restclient :checksum "2db4b482b87ed6de38e782f5644cbdf350c7765c")
        (scss-mode :checksum "b010d134f499c4b4ad33fe8a669a81e9a531b0b2")
        (coffee-mode :checksum "641c719c56bad6e914d12b2949980b8c6ec079c3")
        (json-mode :checksum "8646af183a3300560e8dfb4568ecd47d7242f47a")
        (json-reformat :checksum "4e95c111744f420b69a3eead34d7429d60bf9ed9")
        (json-snatcher :checksum "c4cecc0a5051bd364373aa499c47a1bb7a5ac51c")
        (js2-mode :checksum "48942009bcd35ff8473f3bf05bff907be288748f")
        (ghc-mod :checksum "911ba75c9961c156ceab1f228bba82ffba9f3601")
        (emacs-ac-alchemist :checksum "b1891c3d41aed83f61d78a609ea97be5cc2758d9")
        (alchemist :checksum "170bfad659e24846236679e8083ee6e4482da394")
        (company-mode :checksum "c656b25f9e987799bf6b07df761561fb96dda6c2")
        (elixir :checksum "dd73f5a9607518f1aa0daf09feab45ac3198749a")
        (open-junk-file :checksum "a5643846681c672b8f95af85b4d36349879b1aad")
        (yaml-mode :checksum "a87ab367fe0015917a1940b5acd9a581b1631801")
        (emacs-codic :checksum "52bbb6997ef4ab9fb7fea43bbfff7f04671aa557")
        (google-translate :checksum "e3f3981895d829a05f6f92d4db065c4b46076ff7")
        (golden-ratio :checksum "72b028808b41d23fa3f7e8c0d23d2c475e7b46ae")
        (indent-guide :checksum "d7b0d7f3864864249bb5e35e04d10e55cf92b9a3")
        (spaceline :checksum "42163564905c8d38c280713e8afbe707e0abb620")
        (powerline :checksum "e886f6fe46c7413befb1de3799a185366fd8b39c")
        (ac-slime :checksum "df6c4e88b5ba2d15d47a651ecf7edc0986624112")
        (slime :checksum "dd5b13755890b9db7465a5c37aaf3ba2fdbe56af")
        (popwin :checksum "95dea14c60019d6cccf9a3b33e0dec4e1f22c304")
        (shell-pop :checksum "b73a513babdde1ce50731ab2c1738ab141938bc9")
        (web-mode :checksum "9e2231c782234de9e04812c1922b44b0073bd471")
        (ruby-test-mode :checksum "6cad397640832642cd47580fc4ae23268af73c01")
        (enh-ruby-mode :checksum "f945cff5e784e23e0028bf0a5221f4f47a822fac")
        (rbenv :checksum "2ea1a5bdc1266caef1dd77700f2c8f42429b03f1")
        (bundler :checksum "9be0c4601a4d1a35de22f818637ce029830272d3")
        (ruby-end :checksum "79b4ea788b9cae9282da809507d0a56aa9c057c8")
        (markdown-toc :checksum "44c79a3b57224337fdaca5d2bdedba918e908fcd")
        (markdown-mode :checksum "41adc1051865c2044849044d69ca5de4026164ae")
        (flycheck-tip :checksum "9eefbea4ccc9e348d356faf28c9a1902ba28f29e")
        (flycheck :checksum "50be1b03650bb684aa44b3a700d12a1389d2af95")
        (let-alist :checksum "b87275d7c09c61ec121e8ecdef6df90e12fcc3cd")
        (projectile-rails :checksum "85267127dc2b743d07403be8272a9ba8f473856b")
        (rake :checksum "eba311a8f5ccfb6535efbc26fa58c43e3f1e5515")
        (inf-ruby :checksum "24c08fca2a18b76a3a200c79bdb5e41b50e04296")
        (projectile :checksum "386ba51f38130291799c71d49938b791268fe0e2")
        (pkg-info :checksum "4dbe328c9eced79e0004e3fdcd7bfb997a928be5")
        (epl :checksum "a5ad061d0a5eb42f66c384e55d102da7d52c96b0")
        (f :checksum "6cb05ad5ab64e4a284cc9f0bf14ad187ec38e4d7")
        (s :checksum "372e94c1a28031686d75d6c52bfbe833a118a72a")
        (git-timemachine :checksum "141122e52a80f28b958a8bad128c480567ce3942")
        (git-messenger :checksum "7b16fdc9f6fd1a3b9c9f212b1633291c4c18fc9b")
        (git-gutter :checksum "df7fb13481bea2b1476ca8a20bc958b17d1e06ae")
        (gist :checksum "144280f5353bceb902d5278fa64078337e99fa4d")
        (tabulated-list :checksum "b547d9b728935102d1c418bc0e978c221c37f6ab")
        (magit-gh-pulls :checksum "6f61a13416f29d385856d95606a7e97379b777cc")
        (auto-complete :checksum "24c04060fa5f3036796a44ee49f1b8baf5cb0d05")
        (popup :checksum "46632ab9652dacad56fd961cd6def25a015170ae")
        (fuzzy :checksum "534d723ad2e06322ff8d9bd0ba4863d243f698e7")
        (rainbow-delimiters :checksum "0823d0c67f935a4c36a1c945e93051102963c7fb")
        (helm-open-github :checksum "95140bbacc66320a032d3cdd9e1c31aeb47eb83d")
        (gh :checksum "644c0d24af430fdbc9fc90e028fca3a054333025")
        (request :checksum "adf7de452f9914406bfb693541f1d280093c4efd")
        (deferred :checksum "e9fd3691ee3666d46eb9f8bd5b697a54837c8c0b")
        (logito :checksum "824acb89d2cc18cb47281a4fbddd81ad244a2052")
        (pcache :checksum "4b090f46182fd2ed1f44905dc04acc3121bcf622")
        (helm-gtags :checksum "68acd9a1b7e1197fd09971c54c0afc066155579e")
        (helm-dash :checksum "f39b4dd06a9f9f71aa00d954dac765a4e23b5d90")
        (helm-ag :checksum "d015593c34155db60d91e6e8bb29546cf353088a")
        (helm-ls-git :checksum "8cddd84ee4361b9d21f800adbaeeacf72645ab62")
        (helm :checksum "5d19ff5164eee22d29a2457e2beb32ac9166741b")
        (which-key :checksum "b0a13d88dffe9a729d79b7098ee670a505711d73")
        (ace-window :checksum "f6653fb5d8bfe8d7bcad94fc72ca9561e28180f0")
        (avy :checksum "edf1259f2507f7512264d5f04a61f6aced8b50c1")
        (evil-org-mode :checksum "ef5f5c95a5a0aeb6d59144e1fb7d21b44c803300")
        (evil-exchange :checksum "22d9b6ce1b979c0560b32637d0c2b28bf4082d2b")
        (evil-indent-textobject :checksum "70a1154a531b7cfdbb9a31d6922482791e20a3a7")
        (expand-region :checksum "59f67115263676de5345581216640019975c4fda")
        (evil-surround :checksum "18a33859d7cddf31b4605414fdb34ea810779e22")
        (highlight :checksum "944be01b443a7c479ea2f16640acac8cae591822")
        (evil-numbers :checksum "6ea1c8c3a9b37bed63d48f1128e9a4910e68187e")
        (evil-nerd-commenter :checksum "9220e938536a975a398152fa264cc8d8c225ebcd")
        (evil-matchit :checksum "98c045d35277fb4da53cb5660f96d97ea8855e23")
        (evil-lisp-state :checksum "e5792ec68a5615bd07bf2c6e9eb3f49d1bc7810d")
        (evil-jumper :checksum "f1a4952c0e1cee793275d75e297351eaaf6bb1b2")
        (evil-args :checksum "2a88b4d19953a11227cc1e91973b92149116f44c")
        (anzu :checksum "6fded24b366efc4cf27166104c1928f7d1fedaa7")
        (evil-leader :checksum "39f7014bcf8b36463e0c7512c638bda4bac6c2cf")
        (evil :checksum "883359494384cb164f846d45978f1233b6415552")
        (goto-chg :checksum "50e58f9e6bb0b8b8e3a24ed817ff78512a770448")
        (undo-tree :checksum "a3e81b682053a81e082139300ef0a913a7a610a2")
        (smartparens :checksum "a7d4648dc6c56f28f104b5385cc2eb223f7387a9")
        (dash :checksum "6484fb5e77140d7028ac2a96f356385b40d81197")
        (esup :checksum "872861ba1fccec90c32dc18af787b506fb08d7d3")
        (initchart :checksum "2df1fbc965c5ef82906a0fa76b3517c5831d3581")
        (exec-path-from-shell :checksum "30c793b388312e5044afb7549b50996bf2b71941")))
(setq el-get-lock-locked-packages 'nil)
(setq el-get-lock-unlocked-packages 'nil)
